esphome:
  name: alarmclock
  comment: Bedside Alarm Clock
  area: Bedroom
  friendly_name: alarmclock

esp8266:
  board: nodemcuv2

# Enable logging
logger:

# Enable Home Assistant API
api:
  encryption:
    key: 

ota:
  password: 

wifi:
  ssid: !secret wifi_ssid
  password: !secret wifi_password

  # Enable fallback hotspot (captive portal) in case wifi connection fails
  ap:
    ssid: Alarmclock Fallback Hotspot
    password: 

captive_portal:


spi:
  clk_pin: GPIO15
  mosi_pin: GPIO1

display:
  - platform: max7219digit
    cs_pin: GPIO3
    num_chips: 4
    intensity: 0
    lambda: |-
      it.strftime(16, 4, id(digit_font), TextAlign::CENTER, "%H:%M", id(hass_time).now());
      it.intensity(id(alarm_clock_brightness).state);
      it.turn_on_off(id(alarm_clock_display_state).state);
font:
  - file: "pixelmix.ttf"
    id: digit_font
    size: 8

time:
  - platform: homeassistant
    id: hass_time

sensor:
  - platform: homeassistant
    name: Alarm Clock Display Brightness
    id: alarm_clock_brightness
    entity_id: input_number.brightness_alarm_clock
    filters:
      - calibrate_linear:
          - 0.00 -> 0
          - 15.00 -> 15

  - platform: rotary_encoder
    name: Rotary Encoder 1
    id: rotary_encoder_1
    pin_a: GPIO4
    pin_b: GPIO0
    publish_initial_value: FALSE
    restore_mode: RESTORE_DEFAULT_ZERO
    min_value: 0
    max_value: 100
    resolution: 4

  - platform: rotary_encoder
    name: Rotary Encoder 2
    id: rotary_encoder_2
    pin_a: GPIO13
    pin_b: GPIO12
    publish_initial_value: True
    restore_mode: RESTORE_DEFAULT_ZERO
    min_value: 0
    max_value: 15



binary_sensor:
  - platform: gpio
    name: Alarm Clock Button
    id: alarm_clock_button
    pin:
      number: GPIO14
      inverted: True
      mode:
        input: true
        pullup: true

  - platform: gpio
    name: Alarm Clock Rotary Encoder Button 1
    id: rotary_encoder_button_1
    pin:
      number: GPIO2
      inverted: True
      mode:
        input: true
        pullup: true

  - platform: gpio
    name: Alarm Clock Rotary Encoder Button 2
    id: rotary_encoder_button_2
    pin:
      number: GPIO5
      inverted: True
      mode:
        input: true
        pullup: true

  - platform: homeassistant
    name: Alarm Clock Display State
    id: alarm_clock_display_state
    entity_id: input_boolean.alarm_clock_display_state


    
